// !$*UTF8*$!
{
	archiveVersion = 1;
	classes = {
	};
	objectVersion = 48;
	objects = {

/* Begin PBXBuildFile section */
		321EF8298ED6551DA8DDBE8A /* Pods_OnTheMapTests.framework in Frameworks */ = {isa = PBXBuildFile; fileRef = 56BF9533BA7F8DFE20C57220 /* Pods_OnTheMapTests.framework */; };
		492274161EDC74DEA5700318 /* Pods_OnTheMap.framework in Frameworks */ = {isa = PBXBuildFile; fileRef = 378A3C7A2E4B6220F9E2DAA3 /* Pods_OnTheMap.framework */; };
		55052BCA201BFC210009F063 /* Students.swift in Sources */ = {isa = PBXBuildFile; fileRef = 55052BC9201BFC210009F063 /* Students.swift */; };
		55052BCE201C0A790009F063 /* Dialog.swift in Sources */ = {isa = PBXBuildFile; fileRef = 55052BCD201C0A790009F063 /* Dialog.swift */; };
		5525D8BC20156EC600100E37 /* Account.swift in Sources */ = {isa = PBXBuildFile; fileRef = 5525D8BB20156EC600100E37 /* Account.swift */; };
		5525D8BE20156ED000100E37 /* Session.swift in Sources */ = {isa = PBXBuildFile; fileRef = 5525D8BD20156ED000100E37 /* Session.swift */; };
		5525D8C0201574A100100E37 /* AuthenticationResponse.swift in Sources */ = {isa = PBXBuildFile; fileRef = 5525D8BF201574A100100E37 /* AuthenticationResponse.swift */; };
		5525D8C2201588B500100E37 /* ErrorHandler.swift in Sources */ = {isa = PBXBuildFile; fileRef = 5525D8C1201588B500100E37 /* ErrorHandler.swift */; };
		5525D8C620158C5500100E37 /* RequestStatus.swift in Sources */ = {isa = PBXBuildFile; fileRef = 5525D8C520158C5500100E37 /* RequestStatus.swift */; };
		5525D8D820183E3E00100E37 /* Map.storyboard in Resources */ = {isa = PBXBuildFile; fileRef = 5525D8D620183E3E00100E37 /* Map.storyboard */; };
		5525D8DB20183E6100100E37 /* List.storyboard in Resources */ = {isa = PBXBuildFile; fileRef = 5525D8DA20183E6100100E37 /* List.storyboard */; };
		5525D8DE20183EE000100E37 /* MapViewController.swift in Sources */ = {isa = PBXBuildFile; fileRef = 5525D8DD20183EE000100E37 /* MapViewController.swift */; };
		5525D8E020183F0400100E37 /* StudentsListViewController.swift in Sources */ = {isa = PBXBuildFile; fileRef = 5525D8DF20183F0400100E37 /* StudentsListViewController.swift */; };
		554024AD201C11FC006ACA5D /* Loader.swift in Sources */ = {isa = PBXBuildFile; fileRef = 554024AC201C11FC006ACA5D /* Loader.swift */; };
		5556B6E9200EEF7800A3A88B /* AppDelegate.swift in Sources */ = {isa = PBXBuildFile; fileRef = 5556B6E8200EEF7800A3A88B /* AppDelegate.swift */; };
		5556B6EB200EEF7800A3A88B /* ViewController.swift in Sources */ = {isa = PBXBuildFile; fileRef = 5556B6EA200EEF7800A3A88B /* ViewController.swift */; };
		5556B6EE200EEF7800A3A88B /* Main.storyboard in Resources */ = {isa = PBXBuildFile; fileRef = 5556B6EC200EEF7800A3A88B /* Main.storyboard */; };
		5556B6F0200EEF7800A3A88B /* Assets.xcassets in Resources */ = {isa = PBXBuildFile; fileRef = 5556B6EF200EEF7800A3A88B /* Assets.xcassets */; };
		5556B6F3200EEF7800A3A88B /* LaunchScreen.storyboard in Resources */ = {isa = PBXBuildFile; fileRef = 5556B6F1200EEF7800A3A88B /* LaunchScreen.storyboard */; };
		5556B6FE200EEF7800A3A88B /* OnTheMapTests.swift in Sources */ = {isa = PBXBuildFile; fileRef = 5556B6FD200EEF7800A3A88B /* OnTheMapTests.swift */; };
		5556B709200EEF7800A3A88B /* OnTheMapUITests.swift in Sources */ = {isa = PBXBuildFile; fileRef = 5556B708200EEF7800A3A88B /* OnTheMapUITests.swift */; };
		55BE981C20266FC6008DA955 /* PostAuthentication.swift in Sources */ = {isa = PBXBuildFile; fileRef = 55BE981B20266FC6008DA955 /* PostAuthentication.swift */; };
		55BE981E20266FD3008DA955 /* FacebookAuthentication.swift in Sources */ = {isa = PBXBuildFile; fileRef = 55BE981D20266FD3008DA955 /* FacebookAuthentication.swift */; };
		55BE982020266FDD008DA955 /* UdacityAuthentication.swift in Sources */ = {isa = PBXBuildFile; fileRef = 55BE981F20266FDD008DA955 /* UdacityAuthentication.swift */; };
		55BE9825202675F6008DA955 /* New.storyboard in Resources */ = {isa = PBXBuildFile; fileRef = 55BE9824202675F6008DA955 /* New.storyboard */; };
		55BE982920267FB8008DA955 /* AddLocationViewController.swift in Sources */ = {isa = PBXBuildFile; fileRef = 55BE982820267FB7008DA955 /* AddLocationViewController.swift */; };
		55BE982B20269AD9008DA955 /* AddLocationMapViewController.swift in Sources */ = {isa = PBXBuildFile; fileRef = 55BE982A20269AD9008DA955 /* AddLocationMapViewController.swift */; };
		55BE982D2026AB72008DA955 /* MapViewControllerDelegateHandler.swift in Sources */ = {isa = PBXBuildFile; fileRef = 55BE982C2026AB72008DA955 /* MapViewControllerDelegateHandler.swift */; };
		55BE982F2026AC93008DA955 /* UIApplication+Extension.swift in Sources */ = {isa = PBXBuildFile; fileRef = 55BE982E2026AC93008DA955 /* UIApplication+Extension.swift */; };
		AA92FB8B2B2EE6F918499CC5 /* Pods_OnTheMapUITests.framework in Frameworks */ = {isa = PBXBuildFile; fileRef = 094378AED0CDEEDD815162AB /* Pods_OnTheMapUITests.framework */; };
		E654ECAC202893A200787DD6 /* Response.swift in Sources */ = {isa = PBXBuildFile; fileRef = E654ECAB202893A200787DD6 /* Response.swift */; };
		E654ECAE202898E900787DD6 /* String+Extension.swift in Sources */ = {isa = PBXBuildFile; fileRef = E654ECAD202898E900787DD6 /* String+Extension.swift */; };
		E654ECB32028C35800787DD6 /* SessionManager.swift in Sources */ = {isa = PBXBuildFile; fileRef = E654ECB22028C35800787DD6 /* SessionManager.swift */; };
		E6727F4220160AA6005735AF /* Network.swift in Sources */ = {isa = PBXBuildFile; fileRef = E6727F4120160AA6005735AF /* Network.swift */; };
		E6727F4420161848005735AF /* AuthenticationClient.swift in Sources */ = {isa = PBXBuildFile; fileRef = E6727F4320161848005735AF /* AuthenticationClient.swift */; };
		E6727F482016559C005735AF /* StudentLocation.swift in Sources */ = {isa = PBXBuildFile; fileRef = E6727F472016559C005735AF /* StudentLocation.swift */; };
		E6727F4A20165D52005735AF /* StudentInformationClient.swift in Sources */ = {isa = PBXBuildFile; fileRef = E6727F4920165D52005735AF /* StudentInformationClient.swift */; };
		E6727FB12018A677005735AF /* GCDBlackBox.swift in Sources */ = {isa = PBXBuildFile; fileRef = E6727FB02018A677005735AF /* GCDBlackBox.swift */; };
		E6BE07FE2020D53300C07EF8 /* ParseConstants.swift in Sources */ = {isa = PBXBuildFile; fileRef = E6BE07FD2020D53300C07EF8 /* ParseConstants.swift */; };
		E6BE08002020D5EF00C07EF8 /* UdacityConstants.swift in Sources */ = {isa = PBXBuildFile; fileRef = E6BE07FF2020D5EF00C07EF8 /* UdacityConstants.swift */; };
		E6BE08082020F74800C07EF8 /* UIViewController+Extension.swift in Sources */ = {isa = PBXBuildFile; fileRef = E6BE08072020F74700C07EF8 /* UIViewController+Extension.swift */; };
		E6BE080B202106E000C07EF8 /* NetworkError.swift in Sources */ = {isa = PBXBuildFile; fileRef = E6BE080A202106E000C07EF8 /* NetworkError.swift */; };
/* End PBXBuildFile section */

/* Begin PBXContainerItemProxy section */
		5556B6FA200EEF7800A3A88B /* PBXContainerItemProxy */ = {
			isa = PBXContainerItemProxy;
			containerPortal = 5556B6DD200EEF7800A3A88B /* Project object */;
			proxyType = 1;
			remoteGlobalIDString = 5556B6E4200EEF7800A3A88B;
			remoteInfo = OnTheMap;
		};
		5556B705200EEF7800A3A88B /* PBXContainerItemProxy */ = {
			isa = PBXContainerItemProxy;
			containerPortal = 5556B6DD200EEF7800A3A88B /* Project object */;
			proxyType = 1;
			remoteGlobalIDString = 5556B6E4200EEF7800A3A88B;
			remoteInfo = OnTheMap;
		};
/* End PBXContainerItemProxy section */

/* Begin PBXCopyFilesBuildPhase section */
		5556B75C200EFB0700A3A88B /* Embed Frameworks */ = {
			isa = PBXCopyFilesBuildPhase;
			buildActionMask = 2147483647;
			dstPath = "";
			dstSubfolderSpec = 10;
			files = (
			);
			name = "Embed Frameworks";
			runOnlyForDeploymentPostprocessing = 0;
		};
/* End PBXCopyFilesBuildPhase section */

/* Begin PBXFileReference section */
		094378AED0CDEEDD815162AB /* Pods_OnTheMapUITests.framework */ = {isa = PBXFileReference; explicitFileType = wrapper.framework; includeInIndex = 0; path = Pods_OnTheMapUITests.framework; sourceTree = BUILT_PRODUCTS_DIR; };
		378A3C7A2E4B6220F9E2DAA3 /* Pods_OnTheMap.framework */ = {isa = PBXFileReference; explicitFileType = wrapper.framework; includeInIndex = 0; path = Pods_OnTheMap.framework; sourceTree = BUILT_PRODUCTS_DIR; };
		38F075E21FB0F47463A98517 /* Pods-OnTheMapUITests.release.xcconfig */ = {isa = PBXFileReference; includeInIndex = 1; lastKnownFileType = text.xcconfig; name = "Pods-OnTheMapUITests.release.xcconfig"; path = "Pods/Target Support Files/Pods-OnTheMapUITests/Pods-OnTheMapUITests.release.xcconfig"; sourceTree = "<group>"; };
		41EC2AA49D172B1C9802F99B /* Pods-OnTheMapTests.debug.xcconfig */ = {isa = PBXFileReference; includeInIndex = 1; lastKnownFileType = text.xcconfig; name = "Pods-OnTheMapTests.debug.xcconfig"; path = "Pods/Target Support Files/Pods-OnTheMapTests/Pods-OnTheMapTests.debug.xcconfig"; sourceTree = "<group>"; };
		48F374C94E4DAC7AFEF18CB2 /* Pods-OnTheMapTests.release.xcconfig */ = {isa = PBXFileReference; includeInIndex = 1; lastKnownFileType = text.xcconfig; name = "Pods-OnTheMapTests.release.xcconfig"; path = "Pods/Target Support Files/Pods-OnTheMapTests/Pods-OnTheMapTests.release.xcconfig"; sourceTree = "<group>"; };
		55052BC9201BFC210009F063 /* Students.swift */ = {isa = PBXFileReference; lastKnownFileType = sourcecode.swift; path = Students.swift; sourceTree = "<group>"; };
		55052BCD201C0A790009F063 /* Dialog.swift */ = {isa = PBXFileReference; lastKnownFileType = sourcecode.swift; path = Dialog.swift; sourceTree = "<group>"; };
		5525D8BB20156EC600100E37 /* Account.swift */ = {isa = PBXFileReference; lastKnownFileType = sourcecode.swift; path = Account.swift; sourceTree = "<group>"; };
		5525D8BD20156ED000100E37 /* Session.swift */ = {isa = PBXFileReference; lastKnownFileType = sourcecode.swift; path = Session.swift; sourceTree = "<group>"; };
		5525D8BF201574A100100E37 /* AuthenticationResponse.swift */ = {isa = PBXFileReference; lastKnownFileType = sourcecode.swift; path = AuthenticationResponse.swift; sourceTree = "<group>"; };
		5525D8C1201588B500100E37 /* ErrorHandler.swift */ = {isa = PBXFileReference; lastKnownFileType = sourcecode.swift; path = ErrorHandler.swift; sourceTree = "<group>"; };
		5525D8C520158C5500100E37 /* RequestStatus.swift */ = {isa = PBXFileReference; fileEncoding = 4; lastKnownFileType = sourcecode.swift; path = RequestStatus.swift; sourceTree = "<group>"; };
		5525D8D720183E3E00100E37 /* Base */ = {isa = PBXFileReference; lastKnownFileType = file.storyboard; name = Base; path = OnTheMap/Views/Main/Base.lproj/Map.storyboard; sourceTree = "<group>"; };
		5525D8DA20183E6100100E37 /* List.storyboard */ = {isa = PBXFileReference; fileEncoding = 4; lastKnownFileType = file.storyboard; path = List.storyboard; sourceTree = "<group>"; };
		5525D8DD20183EE000100E37 /* MapViewController.swift */ = {isa = PBXFileReference; lastKnownFileType = sourcecode.swift; path = MapViewController.swift; sourceTree = "<group>"; };
		5525D8DF20183F0400100E37 /* StudentsListViewController.swift */ = {isa = PBXFileReference; lastKnownFileType = sourcecode.swift; path = StudentsListViewController.swift; sourceTree = "<group>"; };
		554024AC201C11FC006ACA5D /* Loader.swift */ = {isa = PBXFileReference; lastKnownFileType = sourcecode.swift; path = Loader.swift; sourceTree = "<group>"; };
		5556B6E5200EEF7800A3A88B /* OnTheMap.app */ = {isa = PBXFileReference; explicitFileType = wrapper.application; includeInIndex = 0; path = OnTheMap.app; sourceTree = BUILT_PRODUCTS_DIR; };
		5556B6E8200EEF7800A3A88B /* AppDelegate.swift */ = {isa = PBXFileReference; lastKnownFileType = sourcecode.swift; path = AppDelegate.swift; sourceTree = "<group>"; };
		5556B6EA200EEF7800A3A88B /* ViewController.swift */ = {isa = PBXFileReference; lastKnownFileType = sourcecode.swift; path = ViewController.swift; sourceTree = "<group>"; };
		5556B6ED200EEF7800A3A88B /* Base */ = {isa = PBXFileReference; lastKnownFileType = file.storyboard; name = Base; path = Base.lproj/Main.storyboard; sourceTree = "<group>"; };
		5556B6EF200EEF7800A3A88B /* Assets.xcassets */ = {isa = PBXFileReference; lastKnownFileType = folder.assetcatalog; path = Assets.xcassets; sourceTree = "<group>"; };
		5556B6F2200EEF7800A3A88B /* Base */ = {isa = PBXFileReference; lastKnownFileType = file.storyboard; name = Base; path = Base.lproj/LaunchScreen.storyboard; sourceTree = "<group>"; };
		5556B6F4200EEF7800A3A88B /* Info.plist */ = {isa = PBXFileReference; lastKnownFileType = text.plist.xml; path = Info.plist; sourceTree = "<group>"; };
		5556B6F9200EEF7800A3A88B /* OnTheMapTests.xctest */ = {isa = PBXFileReference; explicitFileType = wrapper.cfbundle; includeInIndex = 0; path = OnTheMapTests.xctest; sourceTree = BUILT_PRODUCTS_DIR; };
		5556B6FD200EEF7800A3A88B /* OnTheMapTests.swift */ = {isa = PBXFileReference; lastKnownFileType = sourcecode.swift; path = OnTheMapTests.swift; sourceTree = "<group>"; };
		5556B6FF200EEF7800A3A88B /* Info.plist */ = {isa = PBXFileReference; lastKnownFileType = text.plist.xml; path = Info.plist; sourceTree = "<group>"; };
		5556B704200EEF7800A3A88B /* OnTheMapUITests.xctest */ = {isa = PBXFileReference; explicitFileType = wrapper.cfbundle; includeInIndex = 0; path = OnTheMapUITests.xctest; sourceTree = BUILT_PRODUCTS_DIR; };
		5556B708200EEF7800A3A88B /* OnTheMapUITests.swift */ = {isa = PBXFileReference; lastKnownFileType = sourcecode.swift; path = OnTheMapUITests.swift; sourceTree = "<group>"; };
		5556B70A200EEF7800A3A88B /* Info.plist */ = {isa = PBXFileReference; lastKnownFileType = text.plist.xml; path = Info.plist; sourceTree = "<group>"; };
		55BE981B20266FC6008DA955 /* PostAuthentication.swift */ = {isa = PBXFileReference; lastKnownFileType = sourcecode.swift; path = PostAuthentication.swift; sourceTree = "<group>"; };
		55BE981D20266FD3008DA955 /* FacebookAuthentication.swift */ = {isa = PBXFileReference; lastKnownFileType = sourcecode.swift; path = FacebookAuthentication.swift; sourceTree = "<group>"; };
		55BE981F20266FDD008DA955 /* UdacityAuthentication.swift */ = {isa = PBXFileReference; lastKnownFileType = sourcecode.swift; path = UdacityAuthentication.swift; sourceTree = "<group>"; };
		55BE9824202675F6008DA955 /* New.storyboard */ = {isa = PBXFileReference; lastKnownFileType = file.storyboard; path = New.storyboard; sourceTree = "<group>"; };
		55BE982820267FB7008DA955 /* AddLocationViewController.swift */ = {isa = PBXFileReference; fileEncoding = 4; lastKnownFileType = sourcecode.swift; path = AddLocationViewController.swift; sourceTree = "<group>"; };
		55BE982A20269AD9008DA955 /* AddLocationMapViewController.swift */ = {isa = PBXFileReference; lastKnownFileType = sourcecode.swift; path = AddLocationMapViewController.swift; sourceTree = "<group>"; };
		55BE982C2026AB72008DA955 /* MapViewControllerDelegateHandler.swift */ = {isa = PBXFileReference; lastKnownFileType = sourcecode.swift; path = MapViewControllerDelegateHandler.swift; sourceTree = "<group>"; };
		55BE982E2026AC93008DA955 /* UIApplication+Extension.swift */ = {isa = PBXFileReference; lastKnownFileType = sourcecode.swift; path = "UIApplication+Extension.swift"; sourceTree = "<group>"; };
		56BF9533BA7F8DFE20C57220 /* Pods_OnTheMapTests.framework */ = {isa = PBXFileReference; explicitFileType = wrapper.framework; includeInIndex = 0; path = Pods_OnTheMapTests.framework; sourceTree = BUILT_PRODUCTS_DIR; };
		658515A2317A5E1DFEFFB3D6 /* Pods-OnTheMap.release.xcconfig */ = {isa = PBXFileReference; includeInIndex = 1; lastKnownFileType = text.xcconfig; name = "Pods-OnTheMap.release.xcconfig"; path = "Pods/Target Support Files/Pods-OnTheMap/Pods-OnTheMap.release.xcconfig"; sourceTree = "<group>"; };
		9B3EB798EC1AC6C4A5047296 /* Pods-OnTheMap.debug.xcconfig */ = {isa = PBXFileReference; includeInIndex = 1; lastKnownFileType = text.xcconfig; name = "Pods-OnTheMap.debug.xcconfig"; path = "Pods/Target Support Files/Pods-OnTheMap/Pods-OnTheMap.debug.xcconfig"; sourceTree = "<group>"; };
		E3683145B456FBD96C96882D /* Pods-OnTheMapUITests.debug.xcconfig */ = {isa = PBXFileReference; includeInIndex = 1; lastKnownFileType = text.xcconfig; name = "Pods-OnTheMapUITests.debug.xcconfig"; path = "Pods/Target Support Files/Pods-OnTheMapUITests/Pods-OnTheMapUITests.debug.xcconfig"; sourceTree = "<group>"; };
		E654ECAB202893A200787DD6 /* Response.swift */ = {isa = PBXFileReference; lastKnownFileType = sourcecode.swift; path = Response.swift; sourceTree = "<group>"; };
		E654ECAD202898E900787DD6 /* String+Extension.swift */ = {isa = PBXFileReference; lastKnownFileType = sourcecode.swift; path = "String+Extension.swift"; sourceTree = "<group>"; };
		E654ECB22028C35800787DD6 /* SessionManager.swift */ = {isa = PBXFileReference; lastKnownFileType = sourcecode.swift; path = SessionManager.swift; sourceTree = "<group>"; };
		E6727F4120160AA6005735AF /* Network.swift */ = {isa = PBXFileReference; lastKnownFileType = sourcecode.swift; path = Network.swift; sourceTree = "<group>"; };
		E6727F4320161848005735AF /* AuthenticationClient.swift */ = {isa = PBXFileReference; lastKnownFileType = sourcecode.swift; path = AuthenticationClient.swift; sourceTree = "<group>"; };
		E6727F472016559C005735AF /* StudentLocation.swift */ = {isa = PBXFileReference; lastKnownFileType = sourcecode.swift; path = StudentLocation.swift; sourceTree = "<group>"; };
		E6727F4920165D52005735AF /* StudentInformationClient.swift */ = {isa = PBXFileReference; lastKnownFileType = sourcecode.swift; path = StudentInformationClient.swift; sourceTree = "<group>"; };
		E6727FB02018A677005735AF /* GCDBlackBox.swift */ = {isa = PBXFileReference; lastKnownFileType = sourcecode.swift; path = GCDBlackBox.swift; sourceTree = "<group>"; };
		E6BE07FD2020D53300C07EF8 /* ParseConstants.swift */ = {isa = PBXFileReference; lastKnownFileType = sourcecode.swift; path = ParseConstants.swift; sourceTree = "<group>"; };
		E6BE07FF2020D5EF00C07EF8 /* UdacityConstants.swift */ = {isa = PBXFileReference; lastKnownFileType = sourcecode.swift; path = UdacityConstants.swift; sourceTree = "<group>"; };
		E6BE08072020F74700C07EF8 /* UIViewController+Extension.swift */ = {isa = PBXFileReference; lastKnownFileType = sourcecode.swift; path = "UIViewController+Extension.swift"; sourceTree = "<group>"; };
		E6BE080A202106E000C07EF8 /* NetworkError.swift */ = {isa = PBXFileReference; lastKnownFileType = sourcecode.swift; path = NetworkError.swift; sourceTree = "<group>"; };
/* End PBXFileReference section */

/* Begin PBXFrameworksBuildPhase section */
		5556B6E2200EEF7800A3A88B /* Frameworks */ = {
			isa = PBXFrameworksBuildPhase;
			buildActionMask = 2147483647;
			files = (
				492274161EDC74DEA5700318 /* Pods_OnTheMap.framework in Frameworks */,
			);
			runOnlyForDeploymentPostprocessing = 0;
		};
		5556B6F6200EEF7800A3A88B /* Frameworks */ = {
			isa = PBXFrameworksBuildPhase;
			buildActionMask = 2147483647;
			files = (
				321EF8298ED6551DA8DDBE8A /* Pods_OnTheMapTests.framework in Frameworks */,
			);
			runOnlyForDeploymentPostprocessing = 0;
		};
		5556B701200EEF7800A3A88B /* Frameworks */ = {
			isa = PBXFrameworksBuildPhase;
			buildActionMask = 2147483647;
			files = (
				AA92FB8B2B2EE6F918499CC5 /* Pods_OnTheMapUITests.framework in Frameworks */,
			);
			runOnlyForDeploymentPostprocessing = 0;
		};
/* End PBXFrameworksBuildPhase section */

/* Begin PBXGroup section */
		46E55CF8E3428F5CEA367111 /* Pods */ = {
			isa = PBXGroup;
			children = (
				9B3EB798EC1AC6C4A5047296 /* Pods-OnTheMap.debug.xcconfig */,
				658515A2317A5E1DFEFFB3D6 /* Pods-OnTheMap.release.xcconfig */,
				41EC2AA49D172B1C9802F99B /* Pods-OnTheMapTests.debug.xcconfig */,
				48F374C94E4DAC7AFEF18CB2 /* Pods-OnTheMapTests.release.xcconfig */,
				E3683145B456FBD96C96882D /* Pods-OnTheMapUITests.debug.xcconfig */,
				38F075E21FB0F47463A98517 /* Pods-OnTheMapUITests.release.xcconfig */,
			);
			name = Pods;
			sourceTree = "<group>";
		};
		5525D8D920183E4B00100E37 /* Map */ = {
			isa = PBXGroup;
			children = (
				5525D8D620183E3E00100E37 /* Map.storyboard */,
				5525D8DD20183EE000100E37 /* MapViewController.swift */,
			);
			path = Map;
			sourceTree = "<group>";
		};
		5525D8DC20183E6600100E37 /* Student List */ = {
			isa = PBXGroup;
			children = (
				5525D8DA20183E6100100E37 /* List.storyboard */,
				5525D8DF20183F0400100E37 /* StudentsListViewController.swift */,
			);
			path = "Student List";
			sourceTree = "<group>";
		};
		554024AE201C2963006ACA5D /* Frameworks */ = {
			isa = PBXGroup;
			children = (
				378A3C7A2E4B6220F9E2DAA3 /* Pods_OnTheMap.framework */,
				56BF9533BA7F8DFE20C57220 /* Pods_OnTheMapTests.framework */,
				094378AED0CDEEDD815162AB /* Pods_OnTheMapUITests.framework */,
			);
			name = Frameworks;
			sourceTree = "<group>";
		};
		554024C7201C3743006ACA5D /* UI */ = {
			isa = PBXGroup;
			children = (
				E6727FB02018A677005735AF /* GCDBlackBox.swift */,
				55052BCD201C0A790009F063 /* Dialog.swift */,
				554024AC201C11FC006ACA5D /* Loader.swift */,
				E6BE08072020F74700C07EF8 /* UIViewController+Extension.swift */,
				55BE982C2026AB72008DA955 /* MapViewControllerDelegateHandler.swift */,
				55BE982E2026AC93008DA955 /* UIApplication+Extension.swift */,
			);
			path = UI;
			sourceTree = "<group>";
		};
		554024C8201C3760006ACA5D /* Client */ = {
			isa = PBXGroup;
			children = (
				5525D8C1201588B500100E37 /* ErrorHandler.swift */,
				5525D8C520158C5500100E37 /* RequestStatus.swift */,
				E6BE07FD2020D53300C07EF8 /* ParseConstants.swift */,
				E6BE07FF2020D5EF00C07EF8 /* UdacityConstants.swift */,
			);
			path = Client;
			sourceTree = "<group>";
		};
		5556B6DC200EEF7800A3A88B = {
			isa = PBXGroup;
			children = (
				554024AE201C2963006ACA5D /* Frameworks */,
				5556B6E7200EEF7800A3A88B /* OnTheMap */,
				5556B6FC200EEF7800A3A88B /* OnTheMapTests */,
				5556B707200EEF7800A3A88B /* OnTheMapUITests */,
				46E55CF8E3428F5CEA367111 /* Pods */,
				5556B6E6200EEF7800A3A88B /* Products */,
			);
			sourceTree = "<group>";
		};
		5556B6E6200EEF7800A3A88B /* Products */ = {
			isa = PBXGroup;
			children = (
				5556B6E5200EEF7800A3A88B /* OnTheMap.app */,
				5556B6F9200EEF7800A3A88B /* OnTheMapTests.xctest */,
				5556B704200EEF7800A3A88B /* OnTheMapUITests.xctest */,
			);
			name = Products;
			sourceTree = "<group>";
		};
		5556B6E7200EEF7800A3A88B /* OnTheMap */ = {
			isa = PBXGroup;
			children = (
				E654ECB12028C34600787DD6 /* Managers */,
				5556B75D200F014500A3A88B /* Conveniences */,
				5556B71B200EF61C00A3A88B /* Support Files */,
				5556B718200EF5D100A3A88B /* Views */,
				5556B717200EF5BF00A3A88B /* Models */,
				5556B716200EF5B600A3A88B /* Network */,
				5556B71A200EF60900A3A88B /* Resources */,
			);
			path = OnTheMap;
			sourceTree = "<group>";
		};
		5556B6FC200EEF7800A3A88B /* OnTheMapTests */ = {
			isa = PBXGroup;
			children = (
				5556B6FD200EEF7800A3A88B /* OnTheMapTests.swift */,
				5556B6FF200EEF7800A3A88B /* Info.plist */,
			);
			path = OnTheMapTests;
			sourceTree = "<group>";
		};
		5556B707200EEF7800A3A88B /* OnTheMapUITests */ = {
			isa = PBXGroup;
			children = (
				5556B708200EEF7800A3A88B /* OnTheMapUITests.swift */,
				5556B70A200EEF7800A3A88B /* Info.plist */,
			);
			path = OnTheMapUITests;
			sourceTree = "<group>";
		};
		5556B716200EF5B600A3A88B /* Network */ = {
			isa = PBXGroup;
			children = (
				E6727F4120160AA6005735AF /* Network.swift */,
				E6BE080A202106E000C07EF8 /* NetworkError.swift */,
				E6BE07F52020CE6300C07EF8 /* API */,
			);
			path = Network;
			sourceTree = "<group>";
		};
		5556B717200EF5BF00A3A88B /* Models */ = {
			isa = PBXGroup;
			children = (
				E654ECAF2028C1F200787DD6 /* Request */,
				E654ECB02028C24A00787DD6 /* Response */,
			);
			path = Models;
			sourceTree = "<group>";
		};
		5556B718200EF5D100A3A88B /* Views */ = {
			isa = PBXGroup;
			children = (
				55BE9821202675BC008DA955 /* New Student */,
				5525D8DC20183E6600100E37 /* Student List */,
				5525D8D920183E4B00100E37 /* Map */,
				5556B719200EF5E600A3A88B /* Main */,
			);
			path = Views;
			sourceTree = "<group>";
		};
		5556B719200EF5E600A3A88B /* Main */ = {
			isa = PBXGroup;
			children = (
				5556B6EC200EEF7800A3A88B /* Main.storyboard */,
				5556B6EA200EEF7800A3A88B /* ViewController.swift */,
			);
			path = Main;
			sourceTree = "<group>";
		};
		5556B71A200EF60900A3A88B /* Resources */ = {
			isa = PBXGroup;
			children = (
				5556B6EF200EEF7800A3A88B /* Assets.xcassets */,
			);
			path = Resources;
			sourceTree = "<group>";
		};
		5556B71B200EF61C00A3A88B /* Support Files */ = {
			isa = PBXGroup;
			children = (
				5556B6F1200EEF7800A3A88B /* LaunchScreen.storyboard */,
				5556B6E8200EEF7800A3A88B /* AppDelegate.swift */,
				5556B6F4200EEF7800A3A88B /* Info.plist */,
			);
			path = "Support Files";
			sourceTree = "<group>";
		};
		5556B75D200F014500A3A88B /* Conveniences */ = {
			isa = PBXGroup;
			children = (
				554024C8201C3760006ACA5D /* Client */,
				554024C7201C3743006ACA5D /* UI */,
				E654ECAD202898E900787DD6 /* String+Extension.swift */,
			);
			path = Conveniences;
			sourceTree = "<group>";
		};
		55BE9821202675BC008DA955 /* New Student */ = {
			isa = PBXGroup;
			children = (
				55BE9824202675F6008DA955 /* New.storyboard */,
				55BE982820267FB7008DA955 /* AddLocationViewController.swift */,
				55BE982A20269AD9008DA955 /* AddLocationMapViewController.swift */,
			);
			path = "New Student";
			sourceTree = "<group>";
		};
		E654ECAF2028C1F200787DD6 /* Request */ = {
			isa = PBXGroup;
			children = (
				55BE981B20266FC6008DA955 /* PostAuthentication.swift */,
				55BE981D20266FD3008DA955 /* FacebookAuthentication.swift */,
				55BE981F20266FDD008DA955 /* UdacityAuthentication.swift */,
			);
			path = Request;
			sourceTree = "<group>";
		};
		E654ECB02028C24A00787DD6 /* Response */ = {
			isa = PBXGroup;
			children = (
				5525D8BB20156EC600100E37 /* Account.swift */,
				5525D8BD20156ED000100E37 /* Session.swift */,
				5525D8BF201574A100100E37 /* AuthenticationResponse.swift */,
				E6727F472016559C005735AF /* StudentLocation.swift */,
				55052BC9201BFC210009F063 /* Students.swift */,
				E654ECAB202893A200787DD6 /* Response.swift */,
			);
			path = Response;
			sourceTree = "<group>";
		};
		E654ECB12028C34600787DD6 /* Managers */ = {
			isa = PBXGroup;
			children = (
				E654ECB22028C35800787DD6 /* SessionManager.swift */,
			);
			path = Managers;
			sourceTree = "<group>";
		};
		E6BE07F52020CE6300C07EF8 /* API */ = {
			isa = PBXGroup;
			children = (
				E6727F4320161848005735AF /* AuthenticationClient.swift */,
				E6727F4920165D52005735AF /* StudentInformationClient.swift */,
			);
			path = API;
			sourceTree = "<group>";
		};
/* End PBXGroup section */

/* Begin PBXNativeTarget section */
		5556B6E4200EEF7800A3A88B /* OnTheMap */ = {
			isa = PBXNativeTarget;
			buildConfigurationList = 5556B70D200EEF7800A3A88B /* Build configuration list for PBXNativeTarget "OnTheMap" */;
			buildPhases = (
				FFE516FDC4F26E1049DDC3BA /* [CP] Check Pods Manifest.lock */,
				5556B6E1200EEF7800A3A88B /* Sources */,
				5556B6E2200EEF7800A3A88B /* Frameworks */,
				5556B6E3200EEF7800A3A88B /* Resources */,
				5556B75C200EFB0700A3A88B /* Embed Frameworks */,
				5525D8AF201046E000100E37 /* ShellScript */,
				320DBB5D38EB155E2F4E2006 /* [CP] Embed Pods Frameworks */,
				1DFAF0760C132EA34A4923EC /* [CP] Copy Pods Resources */,
			);
			buildRules = (
			);
			dependencies = (
			);
			name = OnTheMap;
			productName = OnTheMap;
			productReference = 5556B6E5200EEF7800A3A88B /* OnTheMap.app */;
			productType = "com.apple.product-type.application";
		};
		5556B6F8200EEF7800A3A88B /* OnTheMapTests */ = {
			isa = PBXNativeTarget;
			buildConfigurationList = 5556B710200EEF7800A3A88B /* Build configuration list for PBXNativeTarget "OnTheMapTests" */;
			buildPhases = (
				A727766FCD99697C256FD954 /* [CP] Check Pods Manifest.lock */,
				5556B6F5200EEF7800A3A88B /* Sources */,
				5556B6F6200EEF7800A3A88B /* Frameworks */,
				5556B6F7200EEF7800A3A88B /* Resources */,
				81C569F9C2E803C82300598A /* [CP] Embed Pods Frameworks */,
				BD285935E97EB1C901A45BC1 /* [CP] Copy Pods Resources */,
			);
			buildRules = (
			);
			dependencies = (
				5556B6FB200EEF7800A3A88B /* PBXTargetDependency */,
			);
			name = OnTheMapTests;
			productName = OnTheMapTests;
			productReference = 5556B6F9200EEF7800A3A88B /* OnTheMapTests.xctest */;
			productType = "com.apple.product-type.bundle.unit-test";
		};
		5556B703200EEF7800A3A88B /* OnTheMapUITests */ = {
			isa = PBXNativeTarget;
			buildConfigurationList = 5556B713200EEF7800A3A88B /* Build configuration list for PBXNativeTarget "OnTheMapUITests" */;
			buildPhases = (
				85290DF1136B181B78F52807 /* [CP] Check Pods Manifest.lock */,
				5556B700200EEF7800A3A88B /* Sources */,
				5556B701200EEF7800A3A88B /* Frameworks */,
				5556B702200EEF7800A3A88B /* Resources */,
				A82209D570A5862AE48FC5DD /* [CP] Embed Pods Frameworks */,
				22711E4E0A6BE83EA3658F3D /* [CP] Copy Pods Resources */,
			);
			buildRules = (
			);
			dependencies = (
				5556B706200EEF7800A3A88B /* PBXTargetDependency */,
			);
			name = OnTheMapUITests;
			productName = OnTheMapUITests;
			productReference = 5556B704200EEF7800A3A88B /* OnTheMapUITests.xctest */;
			productType = "com.apple.product-type.bundle.ui-testing";
		};
/* End PBXNativeTarget section */

/* Begin PBXProject section */
		5556B6DD200EEF7800A3A88B /* Project object */ = {
			isa = PBXProject;
			attributes = {
				LastSwiftUpdateCheck = 0920;
				LastUpgradeCheck = 0920;
				ORGANIZATIONNAME = Progeekt;
				TargetAttributes = {
					5556B6E4200EEF7800A3A88B = {
						CreatedOnToolsVersion = 9.2;
						ProvisioningStyle = Automatic;
					};
					5556B6F8200EEF7800A3A88B = {
						CreatedOnToolsVersion = 9.2;
						ProvisioningStyle = Automatic;
						TestTargetID = 5556B6E4200EEF7800A3A88B;
					};
					5556B703200EEF7800A3A88B = {
						CreatedOnToolsVersion = 9.2;
						ProvisioningStyle = Automatic;
						TestTargetID = 5556B6E4200EEF7800A3A88B;
					};
				};
			};
			buildConfigurationList = 5556B6E0200EEF7800A3A88B /* Build configuration list for PBXProject "OnTheMap" */;
			compatibilityVersion = "Xcode 8.0";
			developmentRegion = en;
			hasScannedForEncodings = 0;
			knownRegions = (
				en,
				Base,
			);
			mainGroup = 5556B6DC200EEF7800A3A88B;
			productRefGroup = 5556B6E6200EEF7800A3A88B /* Products */;
			projectDirPath = "";
			projectRoot = "";
			targets = (
				5556B6E4200EEF7800A3A88B /* OnTheMap */,
				5556B6F8200EEF7800A3A88B /* OnTheMapTests */,
				5556B703200EEF7800A3A88B /* OnTheMapUITests */,
			);
		};
/* End PBXProject section */

/* Begin PBXResourcesBuildPhase section */
		5556B6E3200EEF7800A3A88B /* Resources */ = {
			isa = PBXResourcesBuildPhase;
			buildActionMask = 2147483647;
			files = (
				5556B6F3200EEF7800A3A88B /* LaunchScreen.storyboard in Resources */,
				5556B6F0200EEF7800A3A88B /* Assets.xcassets in Resources */,
				5525D8DB20183E6100100E37 /* List.storyboard in Resources */,
				55BE9825202675F6008DA955 /* New.storyboard in Resources */,
				5556B6EE200EEF7800A3A88B /* Main.storyboard in Resources */,
				5525D8D820183E3E00100E37 /* Map.storyboard in Resources */,
			);
			runOnlyForDeploymentPostprocessing = 0;
		};
		5556B6F7200EEF7800A3A88B /* Resources */ = {
			isa = PBXResourcesBuildPhase;
			buildActionMask = 2147483647;
			files = (
			);
			runOnlyForDeploymentPostprocessing = 0;
		};
		5556B702200EEF7800A3A88B /* Resources */ = {
			isa = PBXResourcesBuildPhase;
			buildActionMask = 2147483647;
			files = (
			);
			runOnlyForDeploymentPostprocessing = 0;
		};
/* End PBXResourcesBuildPhase section */

/* Begin PBXShellScriptBuildPhase section */
		1DFAF0760C132EA34A4923EC /* [CP] Copy Pods Resources */ = {
			isa = PBXShellScriptBuildPhase;
			buildActionMask = 2147483647;
			files = (
			);
			inputPaths = (
			);
			name = "[CP] Copy Pods Resources";
			outputPaths = (
			);
			runOnlyForDeploymentPostprocessing = 0;
			shellPath = /bin/sh;
			shellScript = "\"${SRCROOT}/Pods/Target Support Files/Pods-OnTheMap/Pods-OnTheMap-resources.sh\"\n";
			showEnvVarsInLog = 0;
		};
		22711E4E0A6BE83EA3658F3D /* [CP] Copy Pods Resources */ = {
			isa = PBXShellScriptBuildPhase;
			buildActionMask = 2147483647;
			files = (
			);
			inputPaths = (
			);
			name = "[CP] Copy Pods Resources";
			outputPaths = (
			);
			runOnlyForDeploymentPostprocessing = 0;
			shellPath = /bin/sh;
			shellScript = "\"${SRCROOT}/Pods/Target Support Files/Pods-OnTheMapUITests/Pods-OnTheMapUITests-resources.sh\"\n";
			showEnvVarsInLog = 0;
		};
		320DBB5D38EB155E2F4E2006 /* [CP] Embed Pods Frameworks */ = {
			isa = PBXShellScriptBuildPhase;
			buildActionMask = 2147483647;
			files = (
			);
			inputPaths = (
				"${SRCROOT}/Pods/Target Support Files/Pods-OnTheMap/Pods-OnTheMap-frameworks.sh",
				"${BUILT_PRODUCTS_DIR}/Bolts/Bolts.framework",
				"${BUILT_PRODUCTS_DIR}/FBSDKCoreKit/FBSDKCoreKit.framework",
				"${BUILT_PRODUCTS_DIR}/FBSDKLoginKit/FBSDKLoginKit.framework",
				"${BUILT_PRODUCTS_DIR}/FBSDKShareKit/FBSDKShareKit.framework",
				"${BUILT_PRODUCTS_DIR}/FacebookCore/FacebookCore.framework",
				"${BUILT_PRODUCTS_DIR}/FacebookLogin/FacebookLogin.framework",
				"${BUILT_PRODUCTS_DIR}/FacebookShare/FacebookShare.framework",
			);
			name = "[CP] Embed Pods Frameworks";
			outputPaths = (
				"${TARGET_BUILD_DIR}/${FRAMEWORKS_FOLDER_PATH}/Bolts.framework",
				"${TARGET_BUILD_DIR}/${FRAMEWORKS_FOLDER_PATH}/FBSDKCoreKit.framework",
				"${TARGET_BUILD_DIR}/${FRAMEWORKS_FOLDER_PATH}/FBSDKLoginKit.framework",
				"${TARGET_BUILD_DIR}/${FRAMEWORKS_FOLDER_PATH}/FBSDKShareKit.framework",
				"${TARGET_BUILD_DIR}/${FRAMEWORKS_FOLDER_PATH}/FacebookCore.framework",
				"${TARGET_BUILD_DIR}/${FRAMEWORKS_FOLDER_PATH}/FacebookLogin.framework",
				"${TARGET_BUILD_DIR}/${FRAMEWORKS_FOLDER_PATH}/FacebookShare.framework",
			);
			runOnlyForDeploymentPostprocessing = 0;
			shellPath = /bin/sh;
			shellScript = "\"${SRCROOT}/Pods/Target Support Files/Pods-OnTheMap/Pods-OnTheMap-frameworks.sh\"\n";
			showEnvVarsInLog = 0;
		};
		5525D8AF201046E000100E37 /* ShellScript */ = {
			isa = PBXShellScriptBuildPhase;
			buildActionMask = 2147483647;
			files = (
			);
			inputPaths = (
			);
			outputPaths = (
			);
			runOnlyForDeploymentPostprocessing = 0;
			shellPath = /bin/sh;
			shellScript = "if which swiftlint >/dev/null; then\nswiftlint\nelse\necho \"warning: SwiftLint not installed, download from https://github.com/realm/SwiftLint\"\nfi";
		};
		81C569F9C2E803C82300598A /* [CP] Embed Pods Frameworks */ = {
			isa = PBXShellScriptBuildPhase;
			buildActionMask = 2147483647;
			files = (
			);
			inputPaths = (
			);
			name = "[CP] Embed Pods Frameworks";
			outputPaths = (
			);
			runOnlyForDeploymentPostprocessing = 0;
			shellPath = /bin/sh;
			shellScript = "\"${SRCROOT}/Pods/Target Support Files/Pods-OnTheMapTests/Pods-OnTheMapTests-frameworks.sh\"\n";
			showEnvVarsInLog = 0;
		};
		85290DF1136B181B78F52807 /* [CP] Check Pods Manifest.lock */ = {
			isa = PBXShellScriptBuildPhase;
			buildActionMask = 2147483647;
			files = (
			);
			inputPaths = (
				"${PODS_PODFILE_DIR_PATH}/Podfile.lock",
				"${PODS_ROOT}/Manifest.lock",
			);
			name = "[CP] Check Pods Manifest.lock";
			outputPaths = (
				"$(DERIVED_FILE_DIR)/Pods-OnTheMapUITests-checkManifestLockResult.txt",
			);
			runOnlyForDeploymentPostprocessing = 0;
			shellPath = /bin/sh;
			shellScript = "diff \"${PODS_PODFILE_DIR_PATH}/Podfile.lock\" \"${PODS_ROOT}/Manifest.lock\" > /dev/null\nif [ $? != 0 ] ; then\n    # print error to STDERR\n    echo \"error: The sandbox is not in sync with the Podfile.lock. Run 'pod install' or update your CocoaPods installation.\" >&2\n    exit 1\nfi\n# This output is used by Xcode 'outputs' to avoid re-running this script phase.\necho \"SUCCESS\" > \"${SCRIPT_OUTPUT_FILE_0}\"\n";
			showEnvVarsInLog = 0;
		};
		A727766FCD99697C256FD954 /* [CP] Check Pods Manifest.lock */ = {
			isa = PBXShellScriptBuildPhase;
			buildActionMask = 2147483647;
			files = (
			);
			inputPaths = (
				"${PODS_PODFILE_DIR_PATH}/Podfile.lock",
				"${PODS_ROOT}/Manifest.lock",
			);
			name = "[CP] Check Pods Manifest.lock";
			outputPaths = (
				"$(DERIVED_FILE_DIR)/Pods-OnTheMapTests-checkManifestLockResult.txt",
			);
			runOnlyForDeploymentPostprocessing = 0;
			shellPath = /bin/sh;
			shellScript = "diff \"${PODS_PODFILE_DIR_PATH}/Podfile.lock\" \"${PODS_ROOT}/Manifest.lock\" > /dev/null\nif [ $? != 0 ] ; then\n    # print error to STDERR\n    echo \"error: The sandbox is not in sync with the Podfile.lock. Run 'pod install' or update your CocoaPods installation.\" >&2\n    exit 1\nfi\n# This output is used by Xcode 'outputs' to avoid re-running this script phase.\necho \"SUCCESS\" > \"${SCRIPT_OUTPUT_FILE_0}\"\n";
			showEnvVarsInLog = 0;
		};
		A82209D570A5862AE48FC5DD /* [CP] Embed Pods Frameworks */ = {
			isa = PBXShellScriptBuildPhase;
			buildActionMask = 2147483647;
			files = (
			);
			inputPaths = (
			);
			name = "[CP] Embed Pods Frameworks";
			outputPaths = (
			);
			runOnlyForDeploymentPostprocessing = 0;
			shellPath = /bin/sh;
			shellScript = "\"${SRCROOT}/Pods/Target Support Files/Pods-OnTheMapUITests/Pods-OnTheMapUITests-frameworks.sh\"\n";
			showEnvVarsInLog = 0;
		};
		BD285935E97EB1C901A45BC1 /* [CP] Copy Pods Resources */ = {
			isa = PBXShellScriptBuildPhase;
			buildActionMask = 2147483647;
			files = (
			);
			inputPaths = (
			);
			name = "[CP] Copy Pods Resources";
			outputPaths = (
			);
			runOnlyForDeploymentPostprocessing = 0;
			shellPath = /bin/sh;
			shellScript = "\"${SRCROOT}/Pods/Target Support Files/Pods-OnTheMapTests/Pods-OnTheMapTests-resources.sh\"\n";
			showEnvVarsInLog = 0;
		};
		FFE516FDC4F26E1049DDC3BA /* [CP] Check Pods Manifest.lock */ = {
			isa = PBXShellScriptBuildPhase;
			buildActionMask = 2147483647;
			files = (
			);
			inputPaths = (
				"${PODS_PODFILE_DIR_PATH}/Podfile.lock",
				"${PODS_ROOT}/Manifest.lock",
			);
			name = "[CP] Check Pods Manifest.lock";
			outputPaths = (
				"$(DERIVED_FILE_DIR)/Pods-OnTheMap-checkManifestLockResult.txt",
			);
			runOnlyForDeploymentPostprocessing = 0;
			shellPath = /bin/sh;
			shellScript = "diff \"${PODS_PODFILE_DIR_PATH}/Podfile.lock\" \"${PODS_ROOT}/Manifest.lock\" > /dev/null\nif [ $? != 0 ] ; then\n    # print error to STDERR\n    echo \"error: The sandbox is not in sync with the Podfile.lock. Run 'pod install' or update your CocoaPods installation.\" >&2\n    exit 1\nfi\n# This output is used by Xcode 'outputs' to avoid re-running this script phase.\necho \"SUCCESS\" > \"${SCRIPT_OUTPUT_FILE_0}\"\n";
			showEnvVarsInLog = 0;
		};
/* End PBXShellScriptBuildPhase section */

/* Begin PBXSourcesBuildPhase section */
		5556B6E1200EEF7800A3A88B /* Sources */ = {
			isa = PBXSourcesBuildPhase;
			buildActionMask = 2147483647;
			files = (
				55052BCA201BFC210009F063 /* Students.swift in Sources */,
				55BE982020266FDD008DA955 /* UdacityAuthentication.swift in Sources */,
				E6727FB12018A677005735AF /* GCDBlackBox.swift in Sources */,
				5525D8E020183F0400100E37 /* StudentsListViewController.swift in Sources */,
				55BE982920267FB8008DA955 /* AddLocationViewController.swift in Sources */,
				E6BE07FE2020D53300C07EF8 /* ParseConstants.swift in Sources */,
				55BE982F2026AC93008DA955 /* UIApplication+Extension.swift in Sources */,
				55052BCE201C0A790009F063 /* Dialog.swift in Sources */,
				E6727F4420161848005735AF /* AuthenticationClient.swift in Sources */,
				55BE982B20269AD9008DA955 /* AddLocationMapViewController.swift in Sources */,
				E6727F482016559C005735AF /* StudentLocation.swift in Sources */,
				5525D8BE20156ED000100E37 /* Session.swift in Sources */,
				55BE982D2026AB72008DA955 /* MapViewControllerDelegateHandler.swift in Sources */,
				E6BE08002020D5EF00C07EF8 /* UdacityConstants.swift in Sources */,
				554024AD201C11FC006ACA5D /* Loader.swift in Sources */,
				5556B6EB200EEF7800A3A88B /* ViewController.swift in Sources */,
				5556B6E9200EEF7800A3A88B /* AppDelegate.swift in Sources */,
				5525D8C620158C5500100E37 /* RequestStatus.swift in Sources */,
				55BE981E20266FD3008DA955 /* FacebookAuthentication.swift in Sources */,
				E654ECAC202893A200787DD6 /* Response.swift in Sources */,
				E654ECB32028C35800787DD6 /* SessionManager.swift in Sources */,
				5525D8BC20156EC600100E37 /* Account.swift in Sources */,
				E6727F4220160AA6005735AF /* Network.swift in Sources */,
				E6BE080B202106E000C07EF8 /* NetworkError.swift in Sources */,
				E6727F4A20165D52005735AF /* StudentInformationClient.swift in Sources */,
				55BE981C20266FC6008DA955 /* PostAuthentication.swift in Sources */,
				5525D8C2201588B500100E37 /* ErrorHandler.swift in Sources */,
				E6BE08082020F74800C07EF8 /* UIViewController+Extension.swift in Sources */,
				5525D8C0201574A100100E37 /* AuthenticationResponse.swift in Sources */,
				E654ECAE202898E900787DD6 /* String+Extension.swift in Sources */,
				5525D8DE20183EE000100E37 /* MapViewController.swift in Sources */,
			);
			runOnlyForDeploymentPostprocessing = 0;
		};
		5556B6F5200EEF7800A3A88B /* Sources */ = {
			isa = PBXSourcesBuildPhase;
			buildActionMask = 2147483647;
			files = (
				5556B6FE200EEF7800A3A88B /* OnTheMapTests.swift in Sources */,
			);
			runOnlyForDeploymentPostprocessing = 0;
		};
		5556B700200EEF7800A3A88B /* Sources */ = {
			isa = PBXSourcesBuildPhase;
			buildActionMask = 2147483647;
			files = (
				5556B709200EEF7800A3A88B /* OnTheMapUITests.swift in Sources */,
			);
			runOnlyForDeploymentPostprocessing = 0;
		};
/* End PBXSourcesBuildPhase section */

/* Begin PBXTargetDependency section */
		5556B6FB200EEF7800A3A88B /* PBXTargetDependency */ = {
			isa = PBXTargetDependency;
			target = 5556B6E4200EEF7800A3A88B /* OnTheMap */;
			targetProxy = 5556B6FA200EEF7800A3A88B /* PBXContainerItemProxy */;
		};
		5556B706200EEF7800A3A88B /* PBXTargetDependency */ = {
			isa = PBXTargetDependency;
			target = 5556B6E4200EEF7800A3A88B /* OnTheMap */;
			targetProxy = 5556B705200EEF7800A3A88B /* PBXContainerItemProxy */;
		};
/* End PBXTargetDependency section */

/* Begin PBXVariantGroup section */
		5525D8D620183E3E00100E37 /* Map.storyboard */ = {
			isa = PBXVariantGroup;
			children = (
				5525D8D720183E3E00100E37 /* Base */,
			);
			name = Map.storyboard;
			sourceTree = "<group>";
		};
		5556B6EC200EEF7800A3A88B /* Main.storyboard */ = {
			isa = PBXVariantGroup;
			children = (
				5556B6ED200EEF7800A3A88B /* Base */,
			);
			name = Main.storyboard;
			sourceTree = "<group>";
		};
		5556B6F1200EEF7800A3A88B /* LaunchScreen.storyboard */ = {
			isa = PBXVariantGroup;
			children = (
				5556B6F2200EEF7800A3A88B /* Base */,
			);
			name = LaunchScreen.storyboard;
			sourceTree = "<group>";
		};
/* End PBXVariantGroup section */

/* Begin XCBuildConfiguration section */
		5556B70B200EEF7800A3A88B /* Debug */ = {
			isa = XCBuildConfiguration;
			buildSettings = {
				ALWAYS_SEARCH_USER_PATHS = NO;
				CLANG_ANALYZER_NONNULL = YES;
				CLANG_ANALYZER_NUMBER_OBJECT_CONVERSION = YES_AGGRESSIVE;
				CLANG_CXX_LANGUAGE_STANDARD = "gnu++14";
				CLANG_CXX_LIBRARY = "libc++";
				CLANG_ENABLE_MODULES = YES;
				CLANG_ENABLE_OBJC_ARC = YES;
				CLANG_WARN_BLOCK_CAPTURE_AUTORELEASING = YES;
				CLANG_WARN_BOOL_CONVERSION = YES;
				CLANG_WARN_COMMA = YES;
				CLANG_WARN_CONSTANT_CONVERSION = YES;
				CLANG_WARN_DIRECT_OBJC_ISA_USAGE = YES_ERROR;
				CLANG_WARN_DOCUMENTATION_COMMENTS = YES;
				CLANG_WARN_EMPTY_BODY = YES;
				CLANG_WARN_ENUM_CONVERSION = YES;
				CLANG_WARN_INFINITE_RECURSION = YES;
				CLANG_WARN_INT_CONVERSION = YES;
				CLANG_WARN_NON_LITERAL_NULL_CONVERSION = YES;
				CLANG_WARN_OBJC_LITERAL_CONVERSION = YES;
				CLANG_WARN_OBJC_ROOT_CLASS = YES_ERROR;
				CLANG_WARN_RANGE_LOOP_ANALYSIS = YES;
				CLANG_WARN_STRICT_PROTOTYPES = YES;
				CLANG_WARN_SUSPICIOUS_MOVE = YES;
				CLANG_WARN_UNGUARDED_AVAILABILITY = YES_AGGRESSIVE;
				CLANG_WARN_UNREACHABLE_CODE = YES;
				CLANG_WARN__DUPLICATE_METHOD_MATCH = YES;
				CODE_SIGN_IDENTITY = "iPhone Developer";
				COPY_PHASE_STRIP = NO;
				DEBUG_INFORMATION_FORMAT = dwarf;
				ENABLE_STRICT_OBJC_MSGSEND = YES;
				ENABLE_TESTABILITY = YES;
				GCC_C_LANGUAGE_STANDARD = gnu11;
				GCC_DYNAMIC_NO_PIC = NO;
				GCC_NO_COMMON_BLOCKS = YES;
				GCC_OPTIMIZATION_LEVEL = 0;
				GCC_PREPROCESSOR_DEFINITIONS = (
					"DEBUG=1",
					"$(inherited)",
				);
				GCC_WARN_64_TO_32_BIT_CONVERSION = YES;
				GCC_WARN_ABOUT_RETURN_TYPE = YES_ERROR;
				GCC_WARN_UNDECLARED_SELECTOR = YES;
				GCC_WARN_UNINITIALIZED_AUTOS = YES_AGGRESSIVE;
				GCC_WARN_UNUSED_FUNCTION = YES;
				GCC_WARN_UNUSED_VARIABLE = YES;
				IPHONEOS_DEPLOYMENT_TARGET = 11.2;
				MTL_ENABLE_DEBUG_INFO = YES;
				ONLY_ACTIVE_ARCH = YES;
				SDKROOT = iphoneos;
				SWIFT_ACTIVE_COMPILATION_CONDITIONS = DEBUG;
				SWIFT_OPTIMIZATION_LEVEL = "-Onone";
			};
			name = Debug;
		};
		5556B70C200EEF7800A3A88B /* Release */ = {
			isa = XCBuildConfiguration;
			buildSettings = {
				ALWAYS_SEARCH_USER_PATHS = NO;
				CLANG_ANALYZER_NONNULL = YES;
				CLANG_ANALYZER_NUMBER_OBJECT_CONVERSION = YES_AGGRESSIVE;
				CLANG_CXX_LANGUAGE_STANDARD = "gnu++14";
				CLANG_CXX_LIBRARY = "libc++";
				CLANG_ENABLE_MODULES = YES;
				CLANG_ENABLE_OBJC_ARC = YES;
				CLANG_WARN_BLOCK_CAPTURE_AUTORELEASING = YES;
				CLANG_WARN_BOOL_CONVERSION = YES;
				CLANG_WARN_COMMA = YES;
				CLANG_WARN_CONSTANT_CONVERSION = YES;
				CLANG_WARN_DIRECT_OBJC_ISA_USAGE = YES_ERROR;
				CLANG_WARN_DOCUMENTATION_COMMENTS = YES;
				CLANG_WARN_EMPTY_BODY = YES;
				CLANG_WARN_ENUM_CONVERSION = YES;
				CLANG_WARN_INFINITE_RECURSION = YES;
				CLANG_WARN_INT_CONVERSION = YES;
				CLANG_WARN_NON_LITERAL_NULL_CONVERSION = YES;
				CLANG_WARN_OBJC_LITERAL_CONVERSION = YES;
				CLANG_WARN_OBJC_ROOT_CLASS = YES_ERROR;
				CLANG_WARN_RANGE_LOOP_ANALYSIS = YES;
				CLANG_WARN_STRICT_PROTOTYPES = YES;
				CLANG_WARN_SUSPICIOUS_MOVE = YES;
				CLANG_WARN_UNGUARDED_AVAILABILITY = YES_AGGRESSIVE;
				CLANG_WARN_UNREACHABLE_CODE = YES;
				CLANG_WARN__DUPLICATE_METHOD_MATCH = YES;
				CODE_SIGN_IDENTITY = "iPhone Developer";
				COPY_PHASE_STRIP = NO;
				DEBUG_INFORMATION_FORMAT = "dwarf-with-dsym";
				ENABLE_NS_ASSERTIONS = NO;
				ENABLE_STRICT_OBJC_MSGSEND = YES;
				GCC_C_LANGUAGE_STANDARD = gnu11;
				GCC_NO_COMMON_BLOCKS = YES;
				GCC_WARN_64_TO_32_BIT_CONVERSION = YES;
				GCC_WARN_ABOUT_RETURN_TYPE = YES_ERROR;
				GCC_WARN_UNDECLARED_SELECTOR = YES;
				GCC_WARN_UNINITIALIZED_AUTOS = YES_AGGRESSIVE;
				GCC_WARN_UNUSED_FUNCTION = YES;
				GCC_WARN_UNUSED_VARIABLE = YES;
				IPHONEOS_DEPLOYMENT_TARGET = 11.2;
				MTL_ENABLE_DEBUG_INFO = NO;
				SDKROOT = iphoneos;
				SWIFT_OPTIMIZATION_LEVEL = "-Owholemodule";
				VALIDATE_PRODUCT = YES;
			};
			name = Release;
		};
		5556B70E200EEF7800A3A88B /* Debug */ = {
			isa = XCBuildConfiguration;
			baseConfigurationReference = 9B3EB798EC1AC6C4A5047296 /* Pods-OnTheMap.debug.xcconfig */;
			buildSettings = {
				ALWAYS_EMBED_SWIFT_STANDARD_LIBRARIES = "$(inherited)";
				ASSETCATALOG_COMPILER_APPICON_NAME = AppIcon;
				CODE_SIGN_STYLE = Automatic;
				DEVELOPMENT_TEAM = S5EZY468C5;
				FRAMEWORK_SEARCH_PATHS = (
					"$(inherited)",
					"$(PROJECT_DIR)",
				);
				INFOPLIST_FILE = "$(SRCROOT)/OnTheMap/Support Files/Info.plist";
				LD_RUNPATH_SEARCH_PATHS = "$(inherited) @executable_path/Frameworks";
				PRODUCT_BUNDLE_IDENTIFIER = br.com.progeekt.OnTheMap;
				PRODUCT_NAME = "$(TARGET_NAME)";
				SWIFT_VERSION = 4.0;
				TARGETED_DEVICE_FAMILY = "1,2";
			};
			name = Debug;
		};
		5556B70F200EEF7800A3A88B /* Release */ = {
			isa = XCBuildConfiguration;
			baseConfigurationReference = 658515A2317A5E1DFEFFB3D6 /* Pods-OnTheMap.release.xcconfig */;
			buildSettings = {
				ALWAYS_EMBED_SWIFT_STANDARD_LIBRARIES = "$(inherited)";
				ASSETCATALOG_COMPILER_APPICON_NAME = AppIcon;
				CODE_SIGN_STYLE = Automatic;
				DEVELOPMENT_TEAM = S5EZY468C5;
				FRAMEWORK_SEARCH_PATHS = (
					"$(inherited)",
					"$(PROJECT_DIR)",
				);
				INFOPLIST_FILE = "$(SRCROOT)/OnTheMap/Support Files/Info.plist";
				LD_RUNPATH_SEARCH_PATHS = "$(inherited) @executable_path/Frameworks";
				PRODUCT_BUNDLE_IDENTIFIER = br.com.progeekt.OnTheMap;
				PRODUCT_NAME = "$(TARGET_NAME)";
				SWIFT_VERSION = 4.0;
				TARGETED_DEVICE_FAMILY = "1,2";
			};
			name = Release;
		};
		5556B711200EEF7800A3A88B /* Debug */ = {
			isa = XCBuildConfiguration;
			baseConfigurationReference = 41EC2AA49D172B1C9802F99B /* Pods-OnTheMapTests.debug.xcconfig */;
			buildSettings = {
				ALWAYS_EMBED_SWIFT_STANDARD_LIBRARIES = YES;
				BUNDLE_LOADER = "$(TEST_HOST)";
				CODE_SIGN_STYLE = Automatic;
				DEVELOPMENT_TEAM = S5EZY468C5;
				INFOPLIST_FILE = OnTheMapTests/Info.plist;
				LD_RUNPATH_SEARCH_PATHS = "$(inherited) @executable_path/Frameworks @loader_path/Frameworks";
				PRODUCT_BUNDLE_IDENTIFIER = br.com.progeekt.OnTheMapTests;
				PRODUCT_NAME = "$(TARGET_NAME)";
				SWIFT_VERSION = 4.0;
				TARGETED_DEVICE_FAMILY = "1,2";
				TEST_HOST = "$(BUILT_PRODUCTS_DIR)/OnTheMap.app/OnTheMap";
			};
			name = Debug;
		};
		5556B712200EEF7800A3A88B /* Release */ = {
			isa = XCBuildConfiguration;
			baseConfigurationReference = 48F374C94E4DAC7AFEF18CB2 /* Pods-OnTheMapTests.release.xcconfig */;
			buildSettings = {
				ALWAYS_EMBED_SWIFT_STANDARD_LIBRARIES = YES;
				BUNDLE_LOADER = "$(TEST_HOST)";
				CODE_SIGN_STYLE = Automatic;
				DEVELOPMENT_TEAM = S5EZY468C5;
				INFOPLIST_FILE = OnTheMapTests/Info.plist;
				LD_RUNPATH_SEARCH_PATHS = "$(inherited) @executable_path/Frameworks @loader_path/Frameworks";
				PRODUCT_BUNDLE_IDENTIFIER = br.com.progeekt.OnTheMapTests;
				PRODUCT_NAME = "$(TARGET_NAME)";
				SWIFT_VERSION = 4.0;
				TARGETED_DEVICE_FAMILY = "1,2";
				TEST_HOST = "$(BUILT_PRODUCTS_DIR)/OnTheMap.app/OnTheMap";
			};
			name = Release;
		};
		5556B714200EEF7800A3A88B /* Debug */ = {
			isa = XCBuildConfiguration;
			baseConfigurationReference = E3683145B456FBD96C96882D /* Pods-OnTheMapUITests.debug.xcconfig */;
			buildSettings = {
				ALWAYS_EMBED_SWIFT_STANDARD_LIBRARIES = YES;
				CODE_SIGN_STYLE = Automatic;
				DEVELOPMENT_TEAM = S5EZY468C5;
				INFOPLIST_FILE = OnTheMapUITests/Info.plist;
				LD_RUNPATH_SEARCH_PATHS = "$(inherited) @executable_path/Frameworks @loader_path/Frameworks";
				PRODUCT_BUNDLE_IDENTIFIER = br.com.progeekt.OnTheMapUITests;
				PRODUCT_NAME = "$(TARGET_NAME)";
				SWIFT_VERSION = 4.0;
				TARGETED_DEVICE_FAMILY = "1,2";
				TEST_TARGET_NAME = OnTheMap;
			};
			name = Debug;
		};
		5556B715200EEF7800A3A88B /* Release */ = {
			isa = XCBuildConfiguration;
			baseConfigurationReference = 38F075E21FB0F47463A98517 /* Pods-OnTheMapUITests.release.xcconfig */;
			buildSettings = {
				ALWAYS_EMBED_SWIFT_STANDARD_LIBRARIES = YES;
				CODE_SIGN_STYLE = Automatic;
				DEVELOPMENT_TEAM = S5EZY468C5;
				INFOPLIST_FILE = OnTheMapUITests/Info.plist;
				LD_RUNPATH_SEARCH_PATHS = "$(inherited) @executable_path/Frameworks @loader_path/Frameworks";
				PRODUCT_BUNDLE_IDENTIFIER = br.com.progeekt.OnTheMapUITests;
				PRODUCT_NAME = "$(TARGET_NAME)";
				SWIFT_VERSION = 4.0;
				TARGETED_DEVICE_FAMILY = "1,2";
				TEST_TARGET_NAME = OnTheMap;
			};
			name = Release;
		};
/* End XCBuildConfiguration section */

/* Begin XCConfigurationList section */
		5556B6E0200EEF7800A3A88B /* Build configuration list for PBXProject "OnTheMap" */ = {
			isa = XCConfigurationList;
			buildConfigurations = (
				5556B70B200EEF7800A3A88B /* Debug */,
				5556B70C200EEF7800A3A88B /* Release */,
			);
			defaultConfigurationIsVisible = 0;
			defaultConfigurationName = Release;
		};
		5556B70D200EEF7800A3A88B /* Build configuration list for PBXNativeTarget "OnTheMap" */ = {
			isa = XCConfigurationList;
			buildConfigurations = (
				5556B70E200EEF7800A3A88B /* Debug */,
				5556B70F200EEF7800A3A88B /* Release */,
			);
			defaultConfigurationIsVisible = 0;
			defaultConfigurationName = Release;
		};
		5556B710200EEF7800A3A88B /* Build configuration list for PBXNativeTarget "OnTheMapTests" */ = {
			isa = XCConfigurationList;
			buildConfigurations = (
				5556B711200EEF7800A3A88B /* Debug */,
				5556B712200EEF7800A3A88B /* Release */,
			);
			defaultConfigurationIsVisible = 0;
			defaultConfigurationName = Release;
		};
		5556B713200EEF7800A3A88B /* Build configuration list for PBXNativeTarget "OnTheMapUITests" */ = {
			isa = XCConfigurationList;
			buildConfigurations = (
				5556B714200EEF7800A3A88B /* Debug */,
				5556B715200EEF7800A3A88B /* Release */,
			);
			defaultConfigurationIsVisible = 0;
			defaultConfigurationName = Release;
		};
/* End XCConfigurationList section */
	};
	rootObject = 5556B6DD200EEF7800A3A88B /* Project object */;
}
